
Microsoft Visual Studio Solution File, Format Version 12.00
# Visual Studio Version 17
VisualStudioVersion = 17.12.35527.113
MinimumVisualStudioVersion = 10.0.40219.1
Project("{2150E333-8FDC-42A3-9474-1A3956D46DE8}") = "src", "src", "{C67A7F1E-34CB-4D71-A7F6-FA1792C8C375}"
EndProject
Project("{FAE04EC0-301F-11D3-BF4B-00C04F79EFBC}") = "Domain", "Domain\Domain.csproj", "{998687DC-CC0C-4E5C-8D93-4DFF81524A43}"
EndProject
Project("{FAE04EC0-301F-11D3-BF4B-00C04F79EFBC}") = "Application", "Application\Application.csproj", "{EE22EA5C-5822-4EBC-900C-A16B021BB6AB}"
EndProject
Project("{FAE04EC0-301F-11D3-BF4B-00C04F79EFBC}") = "Infrastructure", "Infrastructure\Infrastructure.csproj", "{DA14DA33-4B78-4862-8747-A3315E5DEFEA}"
EndProject
Project("{FAE04EC0-301F-11D3-BF4B-00C04F79EFBC}") = "Presentation", "Presentation\Presentation.csproj", "{ADA0E48D-5EAC-4DDF-963D-1F21B506A418}"
EndProject
Project("{FAE04EC0-301F-11D3-BF4B-00C04F79EFBC}") = "WebApi", "WebApi\WebApi.csproj", "{47FDF25E-3180-4009-B043-75FBD5BCB409}"
EndProject
Project("{2150E333-8FDC-42A3-9474-1A3956D46DE8}") = "tests", "tests", "{11FBDD45-653F-49E9-95E8-5C81E75BEEB9}"
EndProject
Project("{E53339B2-1760-4266-BCC7-CA923CBCF16C}") = "docker-compose", "docker-compose.dcproj", "{8E632C03-98F0-4E9E-B0A1-44B87F35EFF5}"
EndProject
Project("{FAE04EC0-301F-11D3-BF4B-00C04F79EFBC}") = "JsonProcessorTest", "JsonProcessorTest\JsonProcessorTest.csproj", "{9B50D0F8-328B-4E18-AA5D-D9DCFBDF91B6}"
EndProject
Global
	GlobalSection(SolutionConfigurationPlatforms) = preSolution
		Debug|Any CPU = Debug|Any CPU
		Release|Any CPU = Release|Any CPU
	EndGlobalSection
	GlobalSection(ProjectConfigurationPlatforms) = postSolution
		{998687DC-CC0C-4E5C-8D93-4DFF81524A43}.Debug|Any CPU.ActiveCfg = Debug|Any CPU
		{998687DC-CC0C-4E5C-8D93-4DFF81524A43}.Debug|Any CPU.Build.0 = Debug|Any CPU
		{998687DC-CC0C-4E5C-8D93-4DFF81524A43}.Release|Any CPU.ActiveCfg = Release|Any CPU
		{998687DC-CC0C-4E5C-8D93-4DFF81524A43}.Release|Any CPU.Build.0 = Release|Any CPU
		{EE22EA5C-5822-4EBC-900C-A16B021BB6AB}.Debug|Any CPU.ActiveCfg = Debug|Any CPU
		{EE22EA5C-5822-4EBC-900C-A16B021BB6AB}.Debug|Any CPU.Build.0 = Debug|Any CPU
		{EE22EA5C-5822-4EBC-900C-A16B021BB6AB}.Release|Any CPU.ActiveCfg = Release|Any CPU
		{EE22EA5C-5822-4EBC-900C-A16B021BB6AB}.Release|Any CPU.Build.0 = Release|Any CPU
		{DA14DA33-4B78-4862-8747-A3315E5DEFEA}.Debug|Any CPU.ActiveCfg = Debug|Any CPU
		{DA14DA33-4B78-4862-8747-A3315E5DEFEA}.Debug|Any CPU.Build.0 = Debug|Any CPU
		{DA14DA33-4B78-4862-8747-A3315E5DEFEA}.Release|Any CPU.ActiveCfg = Release|Any CPU
		{DA14DA33-4B78-4862-8747-A3315E5DEFEA}.Release|Any CPU.Build.0 = Release|Any CPU
		{ADA0E48D-5EAC-4DDF-963D-1F21B506A418}.Debug|Any CPU.ActiveCfg = Debug|Any CPU
		{ADA0E48D-5EAC-4DDF-963D-1F21B506A418}.Debug|Any CPU.Build.0 = Debug|Any CPU
		{ADA0E48D-5EAC-4DDF-963D-1F21B506A418}.Release|Any CPU.ActiveCfg = Release|Any CPU
		{ADA0E48D-5EAC-4DDF-963D-1F21B506A418}.Release|Any CPU.Build.0 = Release|Any CPU
		{47FDF25E-3180-4009-B043-75FBD5BCB409}.Debug|Any CPU.ActiveCfg = Debug|Any CPU
		{47FDF25E-3180-4009-B043-75FBD5BCB409}.Debug|Any CPU.Build.0 = Debug|Any CPU
		{47FDF25E-3180-4009-B043-75FBD5BCB409}.Release|Any CPU.ActiveCfg = Release|Any CPU
		{47FDF25E-3180-4009-B043-75FBD5BCB409}.Release|Any CPU.Build.0 = Release|Any CPU
		{8E632C03-98F0-4E9E-B0A1-44B87F35EFF5}.Debug|Any CPU.ActiveCfg = Debug|Any CPU
		{8E632C03-98F0-4E9E-B0A1-44B87F35EFF5}.Debug|Any CPU.Build.0 = Debug|Any CPU
		{8E632C03-98F0-4E9E-B0A1-44B87F35EFF5}.Release|Any CPU.ActiveCfg = Release|Any CPU
		{8E632C03-98F0-4E9E-B0A1-44B87F35EFF5}.Release|Any CPU.Build.0 = Release|Any CPU
		{9B50D0F8-328B-4E18-AA5D-D9DCFBDF91B6}.Debug|Any CPU.ActiveCfg = Debug|Any CPU
		{9B50D0F8-328B-4E18-AA5D-D9DCFBDF91B6}.Debug|Any CPU.Build.0 = Debug|Any CPU
		{9B50D0F8-328B-4E18-AA5D-D9DCFBDF91B6}.Release|Any CPU.ActiveCfg = Release|Any CPU
		{9B50D0F8-328B-4E18-AA5D-D9DCFBDF91B6}.Release|Any CPU.Build.0 = Release|Any CPU
	EndGlobalSection
	GlobalSection(SolutionProperties) = preSolution
		HideSolutionNode = FALSE
	EndGlobalSection
	GlobalSection(NestedProjects) = preSolution
		{998687DC-CC0C-4E5C-8D93-4DFF81524A43} = {C67A7F1E-34CB-4D71-A7F6-FA1792C8C375}
		{EE22EA5C-5822-4EBC-900C-A16B021BB6AB} = {C67A7F1E-34CB-4D71-A7F6-FA1792C8C375}
		{DA14DA33-4B78-4862-8747-A3315E5DEFEA} = {C67A7F1E-34CB-4D71-A7F6-FA1792C8C375}
		{ADA0E48D-5EAC-4DDF-963D-1F21B506A418} = {C67A7F1E-34CB-4D71-A7F6-FA1792C8C375}
		{47FDF25E-3180-4009-B043-75FBD5BCB409} = {C67A7F1E-34CB-4D71-A7F6-FA1792C8C375}
		{9B50D0F8-328B-4E18-AA5D-D9DCFBDF91B6} = {11FBDD45-653F-49E9-95E8-5C81E75BEEB9}
	EndGlobalSection
EndGlobal
